{
  "name": "uicase",
  "lockfileVersion": 2,
  "requires": true,
  "packages": {
    "": {
      "dependencies": {
        "uicase": "^1.0.1"
      }
    },
    "node_modules/uicase": {
      "version": "1.0.1",
      "resolved": "https://registry.npmjs.org/uicase/-/uicase-1.0.1.tgz",
      "integrity": "sha512-OOzELBm+Z7ImluVd3mxAMprIbcZqfDVmWYNEqhdlSQngWA/vOb5t42PZoUiwAMGxEIfFrdL3CVUrRuxLIQKk+A=="
    }
  },
  "dependencies": {
    "uicase": {
      "version": "1.0.1",
      "resolved": "https://registry.npmjs.org/uicase/-/uicase-1.0.1.tgz",
      "integrity": "sha512-OOzELBm+Z7ImluVd3mxAMprIbcZqfDVmWYNEqhdlSQngWA/vOb5t42PZoUiwAMGxEIfFrdL3CVUrRuxLIQKk+A=="
    }
  }
}
