{
  "name": "uicase",
  "lockfileVersion": 2,
  "requires": true,
  "packages": {
    "": {
      "dependencies": {
        "uicase": "^1.0.0"
      }
    },
    "node_modules/uicase": {
      "version": "1.0.0",
      "resolved": "https://registry.npmjs.org/uicase/-/uicase-1.0.0.tgz",
      "integrity": "sha512-AZeg49HurwWyeKyHQbCfsiwXbzXaacHFtA++jak65Qu9qLMMKW4/l5HZvPNpVNfkbBsT4X7p6BY6IDsu3FCWgg=="
    }
  },
  "dependencies": {
    "uicase": {
      "version": "1.0.0",
      "resolved": "https://registry.npmjs.org/uicase/-/uicase-1.0.0.tgz",
      "integrity": "sha512-AZeg49HurwWyeKyHQbCfsiwXbzXaacHFtA++jak65Qu9qLMMKW4/l5HZvPNpVNfkbBsT4X7p6BY6IDsu3FCWgg=="
    }
  }
}
